// !$*UTF8*$!
{
	archiveVersion = 1;
	classes = {
	};
	objectVersion = 77;
	objects = {

/* Begin PBXBuildFile section */
		6F11D2D12CE43DFB0098F8B1 /* FirebaseAnalytics in Frameworks */ = {isa = PBXBuildFile; productRef = 6F11D2D02CE43DFB0098F8B1 /* FirebaseAnalytics */; };
		6F11D2D32CE43DFB0098F8B1 /* FirebaseAnalyticsOnDeviceConversion in Frameworks */ = {isa = PBXBuildFile; productRef = 6F11D2D22CE43DFB0098F8B1 /* FirebaseAnalyticsOnDeviceConversion */; };
		6F11D2D52CE43DFB0098F8B1 /* FirebaseAnalyticsWithoutAdIdSupport in Frameworks */ = {isa = PBXBuildFile; productRef = 6F11D2D42CE43DFB0098F8B1 /* FirebaseAnalyticsWithoutAdIdSupport */; };
		6F11D2D72CE43DFB0098F8B1 /* FirebaseAppCheck in Frameworks */ = {isa = PBXBuildFile; productRef = 6F11D2D62CE43DFB0098F8B1 /* FirebaseAppCheck */; };
		6F11D2D92CE43DFB0098F8B1 /* FirebaseAppDistribution-Beta in Frameworks */ = {isa = PBXBuildFile; productRef = 6F11D2D82CE43DFB0098F8B1 /* FirebaseAppDistribution-Beta */; };
		6F11D2DB2CE43DFB0098F8B1 /* FirebaseAuth in Frameworks */ = {isa = PBXBuildFile; productRef = 6F11D2DA2CE43DFB0098F8B1 /* FirebaseAuth */; };
		6F11D2DD2CE43DFB0098F8B1 /* FirebaseAuthCombine-Community in Frameworks */ = {isa = PBXBuildFile; productRef = 6F11D2DC2CE43DFB0098F8B1 /* FirebaseAuthCombine-Community */; };
		6F11D2DF2CE43DFB0098F8B1 /* FirebaseCore in Frameworks */ = {isa = PBXBuildFile; productRef = 6F11D2DE2CE43DFB0098F8B1 /* FirebaseCore */; };
		6F11D2E12CE43DFB0098F8B1 /* FirebaseCrashlytics in Frameworks */ = {isa = PBXBuildFile; productRef = 6F11D2E02CE43DFB0098F8B1 /* FirebaseCrashlytics */; };
		6F11D2E32CE43DFB0098F8B1 /* FirebaseDatabase in Frameworks */ = {isa = PBXBuildFile; productRef = 6F11D2E22CE43DFB0098F8B1 /* FirebaseDatabase */; };
		6F11D2E52CE43DFB0098F8B1 /* FirebaseDynamicLinks in Frameworks */ = {isa = PBXBuildFile; productRef = 6F11D2E42CE43DFB0098F8B1 /* FirebaseDynamicLinks */; };
		6F11D2E72CE43DFB0098F8B1 /* FirebaseFirestore in Frameworks */ = {isa = PBXBuildFile; productRef = 6F11D2E62CE43DFB0098F8B1 /* FirebaseFirestore */; };
		6F11D2E92CE43DFB0098F8B1 /* FirebaseFirestoreCombine-Community in Frameworks */ = {isa = PBXBuildFile; productRef = 6F11D2E82CE43DFB0098F8B1 /* FirebaseFirestoreCombine-Community */; };
		6F11D2EB2CE43DFB0098F8B1 /* FirebaseFunctions in Frameworks */ = {isa = PBXBuildFile; productRef = 6F11D2EA2CE43DFB0098F8B1 /* FirebaseFunctions */; };
		6F11D2ED2CE43DFB0098F8B1 /* FirebaseFunctionsCombine-Community in Frameworks */ = {isa = PBXBuildFile; productRef = 6F11D2EC2CE43DFB0098F8B1 /* FirebaseFunctionsCombine-Community */; };
		6F11D2EF2CE43DFB0098F8B1 /* FirebaseInAppMessaging-Beta in Frameworks */ = {isa = PBXBuildFile; productRef = 6F11D2EE2CE43DFB0098F8B1 /* FirebaseInAppMessaging-Beta */; };
		6F11D2F12CE43DFB0098F8B1 /* FirebaseInstallations in Frameworks */ = {isa = PBXBuildFile; productRef = 6F11D2F02CE43DFB0098F8B1 /* FirebaseInstallations */; };
		6F11D2F32CE43DFB0098F8B1 /* FirebaseMLModelDownloader in Frameworks */ = {isa = PBXBuildFile; productRef = 6F11D2F22CE43DFB0098F8B1 /* FirebaseMLModelDownloader */; };
		6F11D2F52CE43DFB0098F8B1 /* FirebaseMessaging in Frameworks */ = {isa = PBXBuildFile; productRef = 6F11D2F42CE43DFB0098F8B1 /* FirebaseMessaging */; };
		6F11D2F72CE43DFB0098F8B1 /* FirebasePerformance in Frameworks */ = {isa = PBXBuildFile; productRef = 6F11D2F62CE43DFB0098F8B1 /* FirebasePerformance */; };
		6F11D2F92CE43DFB0098F8B1 /* FirebaseRemoteConfig in Frameworks */ = {isa = PBXBuildFile; productRef = 6F11D2F82CE43DFB0098F8B1 /* FirebaseRemoteConfig */; };
		6F11D2FB2CE43DFB0098F8B1 /* FirebaseStorage in Frameworks */ = {isa = PBXBuildFile; productRef = 6F11D2FA2CE43DFB0098F8B1 /* FirebaseStorage */; };
		6F11D2FD2CE43DFB0098F8B1 /* FirebaseStorageCombine-Community in Frameworks */ = {isa = PBXBuildFile; productRef = 6F11D2FC2CE43DFB0098F8B1 /* FirebaseStorageCombine-Community */; };
		6F11D2FF2CE43DFB0098F8B1 /* FirebaseVertexAI in Frameworks */ = {isa = PBXBuildFile; productRef = 6F11D2FE2CE43DFB0098F8B1 /* FirebaseVertexAI */; };
/* End PBXBuildFile section */

/* Begin PBXContainerItemProxy section */
		6FC429672CA4E66D000505E7 /* PBXContainerItemProxy */ = {
			isa = PBXContainerItemProxy;
			containerPortal = 6FC429452CA4E66B000505E7 /* Project object */;
			proxyType = 1;
			remoteGlobalIDString = 6FC4294C2CA4E66B000505E7;
			remoteInfo = Weather;
		};
		6FC429712CA4E66D000505E7 /* PBXContainerItemProxy */ = {
			isa = PBXContainerItemProxy;
			containerPortal = 6FC429452CA4E66B000505E7 /* Project object */;
			proxyType = 1;
			remoteGlobalIDString = 6FC4294C2CA4E66B000505E7;
			remoteInfo = Weather;
		};
/* End PBXContainerItemProxy section */

/* Begin PBXFileReference section */
		6FC4294D2CA4E66B000505E7 /* Weather.app */ = {isa = PBXFileReference; explicitFileType = wrapper.application; includeInIndex = 0; path = Weather.app; sourceTree = BUILT_PRODUCTS_DIR; };
		6FC429662CA4E66D000505E7 /* WeatherTests.xctest */ = {isa = PBXFileReference; explicitFileType = wrapper.cfbundle; includeInIndex = 0; path = WeatherTests.xctest; sourceTree = BUILT_PRODUCTS_DIR; };
		6FC429702CA4E66D000505E7 /* WeatherUITests.xctest */ = {isa = PBXFileReference; explicitFileType = wrapper.cfbundle; includeInIndex = 0; path = WeatherUITests.xctest; sourceTree = BUILT_PRODUCTS_DIR; };
/* End PBXFileReference section */

/* Begin PBXFileSystemSynchronizedBuildFileExceptionSet section */
		6FC429782CA4E66D000505E7 /* Exceptions for "Weather" folder in "Weather" target */ = {
			isa = PBXFileSystemSynchronizedBuildFileExceptionSet;
			membershipExceptions = (
				Info.plist,
			);
			target = 6FC4294C2CA4E66B000505E7 /* Weather */;
		};
/* End PBXFileSystemSynchronizedBuildFileExceptionSet section */

/* Begin PBXFileSystemSynchronizedRootGroup section */
		6FC4294F2CA4E66B000505E7 /* Weather */ = {
			isa = PBXFileSystemSynchronizedRootGroup;
			exceptions = (
				6FC429782CA4E66D000505E7 /* Exceptions for "Weather" folder in "Weather" target */,
			);
			path = Weather;
			sourceTree = "<group>";
		};
		6FC429692CA4E66D000505E7 /* WeatherTests */ = {
			isa = PBXFileSystemSynchronizedRootGroup;
			path = WeatherTests;
			sourceTree = "<group>";
		};
		6FC429732CA4E66D000505E7 /* WeatherUITests */ = {
			isa = PBXFileSystemSynchronizedRootGroup;
			path = WeatherUITests;
			sourceTree = "<group>";
		};
/* End PBXFileSystemSynchronizedRootGroup section */

/* Begin PBXFrameworksBuildPhase section */
		6FC4294A2CA4E66B000505E7 /* Frameworks */ = {
			isa = PBXFrameworksBuildPhase;
			buildActionMask = 2147483647;
			files = (
				6F11D2E92CE43DFB0098F8B1 /* FirebaseFirestoreCombine-Community in Frameworks */,
				6F11D2FF2CE43DFB0098F8B1 /* FirebaseVertexAI in Frameworks */,
				6F11D2EB2CE43DFB0098F8B1 /* FirebaseFunctions in Frameworks */,
				6F11D2F72CE43DFB0098F8B1 /* FirebasePerformance in Frameworks */,
				6F11D2FD2CE43DFB0098F8B1 /* FirebaseStorageCombine-Community in Frameworks */,
				6F11D2F92CE43DFB0098F8B1 /* FirebaseRemoteConfig in Frameworks */,
				6F11D2E32CE43DFB0098F8B1 /* FirebaseDatabase in Frameworks */,
				6F11D2E52CE43DFB0098F8B1 /* FirebaseDynamicLinks in Frameworks */,
				6F11D2D72CE43DFB0098F8B1 /* FirebaseAppCheck in Frameworks */,
				6F11D2DB2CE43DFB0098F8B1 /* FirebaseAuth in Frameworks */,
				6F11D2D12CE43DFB0098F8B1 /* FirebaseAnalytics in Frameworks */,
				6F11D2E72CE43DFB0098F8B1 /* FirebaseFirestore in Frameworks */,
				6F11D2F52CE43DFB0098F8B1 /* FirebaseMessaging in Frameworks */,
				6F11D2F12CE43DFB0098F8B1 /* FirebaseInstallations in Frameworks */,
				6F11D2ED2CE43DFB0098F8B1 /* FirebaseFunctionsCombine-Community in Frameworks */,
				6F11D2D92CE43DFB0098F8B1 /* FirebaseAppDistribution-Beta in Frameworks */,
				6F11D2D52CE43DFB0098F8B1 /* FirebaseAnalyticsWithoutAdIdSupport in Frameworks */,
				6F11D2EF2CE43DFB0098F8B1 /* FirebaseInAppMessaging-Beta in Frameworks */,
				6F11D2DD2CE43DFB0098F8B1 /* FirebaseAuthCombine-Community in Frameworks */,
				6F11D2E12CE43DFB0098F8B1 /* FirebaseCrashlytics in Frameworks */,
				6F11D2F32CE43DFB0098F8B1 /* FirebaseMLModelDownloader in Frameworks */,
				6F11D2FB2CE43DFB0098F8B1 /* FirebaseStorage in Frameworks */,
				6F11D2DF2CE43DFB0098F8B1 /* FirebaseCore in Frameworks */,
				6F11D2D32CE43DFB0098F8B1 /* FirebaseAnalyticsOnDeviceConversion in Frameworks */,
			);
			runOnlyForDeploymentPostprocessing = 0;
		};
		6FC429632CA4E66D000505E7 /* Frameworks */ = {
			isa = PBXFrameworksBuildPhase;
			buildActionMask = 2147483647;
			files = (
			);
			runOnlyForDeploymentPostprocessing = 0;
		};
		6FC4296D2CA4E66D000505E7 /* Frameworks */ = {
			isa = PBXFrameworksBuildPhase;
			buildActionMask = 2147483647;
			files = (
			);
			runOnlyForDeploymentPostprocessing = 0;
		};
/* End PBXFrameworksBuildPhase section */

/* Begin PBXGroup section */
		6FC429442CA4E66B000505E7 = {
			isa = PBXGroup;
			children = (
				6FC4294E2CA4E66B000505E7 /* Products */,
				6FC4294F2CA4E66B000505E7 /* Weather */,
				6FC429692CA4E66D000505E7 /* WeatherTests */,
				6FC429732CA4E66D000505E7 /* WeatherUITests */,
			);
			sourceTree = "<group>";
		};
		6FC4294E2CA4E66B000505E7 /* Products */ = {
			isa = PBXGroup;
			children = (
				6FC4294D2CA4E66B000505E7 /* Weather.app */,
				6FC429662CA4E66D000505E7 /* WeatherTests.xctest */,
				6FC429702CA4E66D000505E7 /* WeatherUITests.xctest */,
			);
			name = Products;
			sourceTree = "<group>";
		};
/* End PBXGroup section */

/* Begin PBXNativeTarget section */
		6FC4294C2CA4E66B000505E7 /* Weather */ = {
			isa = PBXNativeTarget;
			buildConfigurationList = 6FC429792CA4E66D000505E7 /* Build configuration list for PBXNativeTarget "Weather" */;
			buildPhases = (
				6FC429492CA4E66B000505E7 /* Sources */,
				6FC4294A2CA4E66B000505E7 /* Frameworks */,
				6FC4294B2CA4E66B000505E7 /* Resources */,
			);
			buildRules = (
			);
			dependencies = (
			);
			fileSystemSynchronizedGroups = (
				6FC4294F2CA4E66B000505E7 /* Weather */,
			);
			name = Weather;
			packageProductDependencies = (
				6F11D2D02CE43DFB0098F8B1 /* FirebaseAnalytics */,
				6F11D2D22CE43DFB0098F8B1 /* FirebaseAnalyticsOnDeviceConversion */,
				6F11D2D42CE43DFB0098F8B1 /* FirebaseAnalyticsWithoutAdIdSupport */,
				6F11D2D62CE43DFB0098F8B1 /* FirebaseAppCheck */,
				6F11D2D82CE43DFB0098F8B1 /* FirebaseAppDistribution-Beta */,
				6F11D2DA2CE43DFB0098F8B1 /* FirebaseAuth */,
				6F11D2DC2CE43DFB0098F8B1 /* FirebaseAuthCombine-Community */,
				6F11D2DE2CE43DFB0098F8B1 /* FirebaseCore */,
				6F11D2E02CE43DFB0098F8B1 /* FirebaseCrashlytics */,
				6F11D2E22CE43DFB0098F8B1 /* FirebaseDatabase */,
				6F11D2E42CE43DFB0098F8B1 /* FirebaseDynamicLinks */,
				6F11D2E62CE43DFB0098F8B1 /* FirebaseFirestore */,
				6F11D2E82CE43DFB0098F8B1 /* FirebaseFirestoreCombine-Community */,
				6F11D2EA2CE43DFB0098F8B1 /* FirebaseFunctions */,
				6F11D2EC2CE43DFB0098F8B1 /* FirebaseFunctionsCombine-Community */,
				6F11D2EE2CE43DFB0098F8B1 /* FirebaseInAppMessaging-Beta */,
				6F11D2F02CE43DFB0098F8B1 /* FirebaseInstallations */,
				6F11D2F22CE43DFB0098F8B1 /* FirebaseMLModelDownloader */,
				6F11D2F42CE43DFB0098F8B1 /* FirebaseMessaging */,
				6F11D2F62CE43DFB0098F8B1 /* FirebasePerformance */,
				6F11D2F82CE43DFB0098F8B1 /* FirebaseRemoteConfig */,
				6F11D2FA2CE43DFB0098F8B1 /* FirebaseStorage */,
				6F11D2FC2CE43DFB0098F8B1 /* FirebaseStorageCombine-Community */,
				6F11D2FE2CE43DFB0098F8B1 /* FirebaseVertexAI */,
			);
			productName = Weather;
			productReference = 6FC4294D2CA4E66B000505E7 /* Weather.app */;
			productType = "com.apple.product-type.application";
		};
		6FC429652CA4E66D000505E7 /* WeatherTests */ = {
			isa = PBXNativeTarget;
			buildConfigurationList = 6FC4297E2CA4E66D000505E7 /* Build configuration list for PBXNativeTarget "WeatherTests" */;
			buildPhases = (
				6FC429622CA4E66D000505E7 /* Sources */,
				6FC429632CA4E66D000505E7 /* Frameworks */,
				6FC429642CA4E66D000505E7 /* Resources */,
			);
			buildRules = (
			);
			dependencies = (
				6FC429682CA4E66D000505E7 /* PBXTargetDependency */,
			);
			fileSystemSynchronizedGroups = (
				6FC429692CA4E66D000505E7 /* WeatherTests */,
			);
			name = WeatherTests;
			packageProductDependencies = (
			);
			productName = WeatherTests;
			productReference = 6FC429662CA4E66D000505E7 /* WeatherTests.xctest */;
			productType = "com.apple.product-type.bundle.unit-test";
		};
		6FC4296F2CA4E66D000505E7 /* WeatherUITests */ = {
			isa = PBXNativeTarget;
			buildConfigurationList = 6FC429812CA4E66D000505E7 /* Build configuration list for PBXNativeTarget "WeatherUITests" */;
			buildPhases = (
				6FC4296C2CA4E66D000505E7 /* Sources */,
				6FC4296D2CA4E66D000505E7 /* Frameworks */,
				6FC4296E2CA4E66D000505E7 /* Resources */,
			);
			buildRules = (
			);
			dependencies = (
				6FC429722CA4E66D000505E7 /* PBXTargetDependency */,
			);
			fileSystemSynchronizedGroups = (
				6FC429732CA4E66D000505E7 /* WeatherUITests */,
			);
			name = WeatherUITests;
			packageProductDependencies = (
			);
			productName = WeatherUITests;
			productReference = 6FC429702CA4E66D000505E7 /* WeatherUITests.xctest */;
			productType = "com.apple.product-type.bundle.ui-testing";
		};
/* End PBXNativeTarget section */

/* Begin PBXProject section */
		6FC429452CA4E66B000505E7 /* Project object */ = {
			isa = PBXProject;
			attributes = {
				BuildIndependentTargetsInParallel = 1;
				LastSwiftUpdateCheck = 1600;
				LastUpgradeCheck = 1600;
				TargetAttributes = {
					6FC4294C2CA4E66B000505E7 = {
						CreatedOnToolsVersion = 16.0;
					};
					6FC429652CA4E66D000505E7 = {
						CreatedOnToolsVersion = 16.0;
						TestTargetID = 6FC4294C2CA4E66B000505E7;
					};
					6FC4296F2CA4E66D000505E7 = {
						CreatedOnToolsVersion = 16.0;
						TestTargetID = 6FC4294C2CA4E66B000505E7;
					};
				};
			};
			buildConfigurationList = 6FC429482CA4E66B000505E7 /* Build configuration list for PBXProject "Weather" */;
			developmentRegion = en;
			hasScannedForEncodings = 0;
			knownRegions = (
				en,
				Base,
			);
			mainGroup = 6FC429442CA4E66B000505E7;
			minimizedProjectReferenceProxies = 1;
			packageReferences = (
				6F11D2CF2CE43DFB0098F8B1 /* XCRemoteSwiftPackageReference "firebase-ios-sdk" */,
			);
			preferredProjectObjectVersion = 77;
			productRefGroup = 6FC4294E2CA4E66B000505E7 /* Products */;
			projectDirPath = "";
			projectRoot = "";
			targets = (
				6FC4294C2CA4E66B000505E7 /* Weather */,
				6FC429652CA4E66D000505E7 /* WeatherTests */,
				6FC4296F2CA4E66D000505E7 /* WeatherUITests */,
			);
		};
/* End PBXProject section */

/* Begin PBXResourcesBuildPhase section */
		6FC4294B2CA4E66B000505E7 /* Resources */ = {
			isa = PBXResourcesBuildPhase;
			buildActionMask = 2147483647;
			files = (
			);
			runOnlyForDeploymentPostprocessing = 0;
		};
		6FC429642CA4E66D000505E7 /* Resources */ = {
			isa = PBXResourcesBuildPhase;
			buildActionMask = 2147483647;
			files = (
			);
			runOnlyForDeploymentPostprocessing = 0;
		};
		6FC4296E2CA4E66D000505E7 /* Resources */ = {
			isa = PBXResourcesBuildPhase;
			buildActionMask = 2147483647;
			files = (
			);
			runOnlyForDeploymentPostprocessing = 0;
		};
/* End PBXResourcesBuildPhase section */

/* Begin PBXSourcesBuildPhase section */
		6FC429492CA4E66B000505E7 /* Sources */ = {
			isa = PBXSourcesBuildPhase;
			buildActionMask = 2147483647;
			files = (
			);
			runOnlyForDeploymentPostprocessing = 0;
		};
		6FC429622CA4E66D000505E7 /* Sources */ = {
			isa = PBXSourcesBuildPhase;
			buildActionMask = 2147483647;
			files = (
			);
			runOnlyForDeploymentPostprocessing = 0;
		};
		6FC4296C2CA4E66D000505E7 /* Sources */ = {
			isa = PBXSourcesBuildPhase;
			buildActionMask = 2147483647;
			files = (
			);
			runOnlyForDeploymentPostprocessing = 0;
		};
/* End PBXSourcesBuildPhase section */

/* Begin PBXTargetDependency section */
		6FC429682CA4E66D000505E7 /* PBXTargetDependency */ = {
			isa = PBXTargetDependency;
			target = 6FC4294C2CA4E66B000505E7 /* Weather */;
			targetProxy = 6FC429672CA4E66D000505E7 /* PBXContainerItemProxy */;
		};
		6FC429722CA4E66D000505E7 /* PBXTargetDependency */ = {
			isa = PBXTargetDependency;
			target = 6FC4294C2CA4E66B000505E7 /* Weather */;
			targetProxy = 6FC429712CA4E66D000505E7 /* PBXContainerItemProxy */;
		};
/* End PBXTargetDependency section */

/* Begin XCBuildConfiguration section */
		6FC4297A2CA4E66D000505E7 /* Debug */ = {
			isa = XCBuildConfiguration;
			buildSettings = {
				ASSETCATALOG_COMPILER_APPICON_NAME = AppIcon;
				ASSETCATALOG_COMPILER_GLOBAL_ACCENT_COLOR_NAME = AccentColor;
				CODE_SIGN_STYLE = Automatic;
				CURRENT_PROJECT_VERSION = 1;
				DEVELOPMENT_TEAM = R47YA6WR5Y;
				GENERATE_INFOPLIST_FILE = YES;
				INFOPLIST_FILE = Weather/Info.plist;
				INFOPLIST_KEY_NSLocationWhenInUseUsageDescription = "請同意您使用目前地點";
				INFOPLIST_KEY_UIApplicationSupportsIndirectInputEvents = YES;
				INFOPLIST_KEY_UILaunchStoryboardName = LaunchScreen;
				INFOPLIST_KEY_UISupportedInterfaceOrientations_iPad = "UIInterfaceOrientationPortrait UIInterfaceOrientationPortraitUpsideDown UIInterfaceOrientationLandscapeLeft UIInterfaceOrientationLandscapeRight";
				INFOPLIST_KEY_UISupportedInterfaceOrientations_iPhone = "UIInterfaceOrientationPortrait UIInterfaceOrientationLandscapeLeft UIInterfaceOrientationLandscapeRight";
				LD_RUNPATH_SEARCH_PATHS = (
					"$(inherited)",
					"@executable_path/Frameworks",
				);
				MARKETING_VERSION = 1.0;
				PRODUCT_BUNDLE_IDENTIFIER = com.nomik.Weather;
				PRODUCT_NAME = "$(TARGET_NAME)";
				SWIFT_EMIT_LOC_STRINGS = YES;
				SWIFT_VERSION = 5.0;
				TARGETED_DEVICE_FAMILY = "1,2";
			};
			name = Debug;
		};
		6FC4297B2CA4E66D000505E7 /* Release */ = {
			isa = XCBuildConfiguration;
			buildSettings = {
				ASSETCATALOG_COMPILER_APPICON_NAME = AppIcon;
				ASSETCATALOG_COMPILER_GLOBAL_ACCENT_COLOR_NAME = AccentColor;
				CODE_SIGN_STYLE = Automatic;
				CURRENT_PROJECT_VERSION = 1;
				DEVELOPMENT_TEAM = R47YA6WR5Y;
				GENERATE_INFOPLIST_FILE = YES;
				INFOPLIST_FILE = Weather/Info.plist;
				INFOPLIST_KEY_NSLocationWhenInUseUsageDescription = "請同意您使用目前地點";
				INFOPLIST_KEY_UIApplicationSupportsIndirectInputEvents = YES;
				INFOPLIST_KEY_UILaunchStoryboardName = LaunchScreen;
				INFOPLIST_KEY_UISupportedInterfaceOrientations_iPad = "UIInterfaceOrientationPortrait UIInterfaceOrientationPortraitUpsideDown UIInterfaceOrientationLandscapeLeft UIInterfaceOrientationLandscapeRight";
				INFOPLIST_KEY_UISupportedInterfaceOrientations_iPhone = "UIInterfaceOrientationPortrait UIInterfaceOrientationLandscapeLeft UIInterfaceOrientationLandscapeRight";
				LD_RUNPATH_SEARCH_PATHS = (
					"$(inherited)",
					"@executable_path/Frameworks",
				);
				MARKETING_VERSION = 1.0;
				PRODUCT_BUNDLE_IDENTIFIER = com.nomik.Weather;
				PRODUCT_NAME = "$(TARGET_NAME)";
				SWIFT_EMIT_LOC_STRINGS = YES;
				SWIFT_VERSION = 5.0;
				TARGETED_DEVICE_FAMILY = "1,2";
			};
			name = Release;
		};
		6FC4297C2CA4E66D000505E7 /* Debug */ = {
			isa = XCBuildConfiguration;
			buildSettings = {
				ALWAYS_SEARCH_USER_PATHS = NO;
				ASSETCATALOG_COMPILER_GENERATE_SWIFT_ASSET_SYMBOL_EXTENSIONS = YES;
				CLANG_ANALYZER_NONNULL = YES;
				CLANG_ANALYZER_NUMBER_OBJECT_CONVERSION = YES_AGGRESSIVE;
				CLANG_CXX_LANGUAGE_STANDARD = "gnu++20";
				CLANG_ENABLE_MODULES = YES;
				CLANG_ENABLE_OBJC_ARC = YES;
				CLANG_ENABLE_OBJC_WEAK = YES;
				CLANG_WARN_BLOCK_CAPTURE_AUTORELEASING = YES;
				CLANG_WARN_BOOL_CONVERSION = YES;
				CLANG_WARN_COMMA = YES;
				CLANG_WARN_CONSTANT_CONVERSION = YES;
				CLANG_WARN_DEPRECATED_OBJC_IMPLEMENTATIONS = YES;
				CLANG_WARN_DIRECT_OBJC_ISA_USAGE = YES_ERROR;
				CLANG_WARN_DOCUMENTATION_COMMENTS = YES;
				CLANG_WARN_EMPTY_BODY = YES;
				CLANG_WARN_ENUM_CONVERSION = YES;
				CLANG_WARN_INFINITE_RECURSION = YES;
				CLANG_WARN_INT_CONVERSION = YES;
				CLANG_WARN_NON_LITERAL_NULL_CONVERSION = YES;
				CLANG_WARN_OBJC_IMPLICIT_RETAIN_SELF = YES;
				CLANG_WARN_OBJC_LITERAL_CONVERSION = YES;
				CLANG_WARN_OBJC_ROOT_CLASS = YES_ERROR;
				CLANG_WARN_QUOTED_INCLUDE_IN_FRAMEWORK_HEADER = YES;
				CLANG_WARN_RANGE_LOOP_ANALYSIS = YES;
				CLANG_WARN_STRICT_PROTOTYPES = YES;
				CLANG_WARN_SUSPICIOUS_MOVE = YES;
				CLANG_WARN_UNGUARDED_AVAILABILITY = YES_AGGRESSIVE;
				CLANG_WARN_UNREACHABLE_CODE = YES;
				CLANG_WARN__DUPLICATE_METHOD_MATCH = YES;
				COPY_PHASE_STRIP = NO;
				DEBUG_INFORMATION_FORMAT = dwarf;
				ENABLE_STRICT_OBJC_MSGSEND = YES;
				ENABLE_TESTABILITY = YES;
				ENABLE_USER_SCRIPT_SANDBOXING = YES;
				GCC_C_LANGUAGE_STANDARD = gnu17;
				GCC_DYNAMIC_NO_PIC = NO;
				GCC_NO_COMMON_BLOCKS = YES;
				GCC_OPTIMIZATION_LEVEL = 0;
				GCC_PREPROCESSOR_DEFINITIONS = (
					"DEBUG=1",
					"$(inherited)",
				);
				GCC_WARN_64_TO_32_BIT_CONVERSION = YES;
				GCC_WARN_ABOUT_RETURN_TYPE = YES_ERROR;
				GCC_WARN_UNDECLARED_SELECTOR = YES;
				GCC_WARN_UNINITIALIZED_AUTOS = YES_AGGRESSIVE;
				GCC_WARN_UNUSED_FUNCTION = YES;
				GCC_WARN_UNUSED_VARIABLE = YES;
				IPHONEOS_DEPLOYMENT_TARGET = 18.0;
				LOCALIZATION_PREFERS_STRING_CATALOGS = YES;
				MTL_ENABLE_DEBUG_INFO = INCLUDE_SOURCE;
				MTL_FAST_MATH = YES;
				ONLY_ACTIVE_ARCH = YES;
				SDKROOT = iphoneos;
				SWIFT_ACTIVE_COMPILATION_CONDITIONS = "DEBUG $(inherited)";
				SWIFT_OPTIMIZATION_LEVEL = "-Onone";
			};
			name = Debug;
		};
		6FC4297D2CA4E66D000505E7 /* Release */ = {
			isa = XCBuildConfiguration;
			buildSettings = {
				ALWAYS_SEARCH_USER_PATHS = NO;
				ASSETCATALOG_COMPILER_GENERATE_SWIFT_ASSET_SYMBOL_EXTENSIONS = YES;
				CLANG_ANALYZER_NONNULL = YES;
				CLANG_ANALYZER_NUMBER_OBJECT_CONVERSION = YES_AGGRESSIVE;
				CLANG_CXX_LANGUAGE_STANDARD = "gnu++20";
				CLANG_ENABLE_MODULES = YES;
				CLANG_ENABLE_OBJC_ARC = YES;
				CLANG_ENABLE_OBJC_WEAK = YES;
				CLANG_WARN_BLOCK_CAPTURE_AUTORELEASING = YES;
				CLANG_WARN_BOOL_CONVERSION = YES;
				CLANG_WARN_COMMA = YES;
				CLANG_WARN_CONSTANT_CONVERSION = YES;
				CLANG_WARN_DEPRECATED_OBJC_IMPLEMENTATIONS = YES;
				CLANG_WARN_DIRECT_OBJC_ISA_USAGE = YES_ERROR;
				CLANG_WARN_DOCUMENTATION_COMMENTS = YES;
				CLANG_WARN_EMPTY_BODY = YES;
				CLANG_WARN_ENUM_CONVERSION = YES;
				CLANG_WARN_INFINITE_RECURSION = YES;
				CLANG_WARN_INT_CONVERSION = YES;
				CLANG_WARN_NON_LITERAL_NULL_CONVERSION = YES;
				CLANG_WARN_OBJC_IMPLICIT_RETAIN_SELF = YES;
				CLANG_WARN_OBJC_LITERAL_CONVERSION = YES;
				CLANG_WARN_OBJC_ROOT_CLASS = YES_ERROR;
				CLANG_WARN_QUOTED_INCLUDE_IN_FRAMEWORK_HEADER = YES;
				CLANG_WARN_RANGE_LOOP_ANALYSIS = YES;
				CLANG_WARN_STRICT_PROTOTYPES = YES;
				CLANG_WARN_SUSPICIOUS_MOVE = YES;
				CLANG_WARN_UNGUARDED_AVAILABILITY = YES_AGGRESSIVE;
				CLANG_WARN_UNREACHABLE_CODE = YES;
				CLANG_WARN__DUPLICATE_METHOD_MATCH = YES;
				COPY_PHASE_STRIP = NO;
				DEBUG_INFORMATION_FORMAT = "dwarf-with-dsym";
				ENABLE_NS_ASSERTIONS = NO;
				ENABLE_STRICT_OBJC_MSGSEND = YES;
				ENABLE_USER_SCRIPT_SANDBOXING = YES;
				GCC_C_LANGUAGE_STANDARD = gnu17;
				GCC_NO_COMMON_BLOCKS = YES;
				GCC_WARN_64_TO_32_BIT_CONVERSION = YES;
				GCC_WARN_ABOUT_RETURN_TYPE = YES_ERROR;
				GCC_WARN_UNDECLARED_SELECTOR = YES;
				GCC_WARN_UNINITIALIZED_AUTOS = YES_AGGRESSIVE;
				GCC_WARN_UNUSED_FUNCTION = YES;
				GCC_WARN_UNUSED_VARIABLE = YES;
				IPHONEOS_DEPLOYMENT_TARGET = 18.0;
				LOCALIZATION_PREFERS_STRING_CATALOGS = YES;
				MTL_ENABLE_DEBUG_INFO = NO;
				MTL_FAST_MATH = YES;
				SDKROOT = iphoneos;
				SWIFT_COMPILATION_MODE = wholemodule;
				VALIDATE_PRODUCT = YES;
			};
			name = Release;
		};
		6FC4297F2CA4E66D000505E7 /* Debug */ = {
			isa = XCBuildConfiguration;
			buildSettings = {
				BUNDLE_LOADER = "$(TEST_HOST)";
				CODE_SIGN_STYLE = Automatic;
				CURRENT_PROJECT_VERSION = 1;
				DEVELOPMENT_TEAM = R47YA6WR5Y;
				GENERATE_INFOPLIST_FILE = YES;
				IPHONEOS_DEPLOYMENT_TARGET = 18.0;
				MARKETING_VERSION = 1.0;
				PRODUCT_BUNDLE_IDENTIFIER = com.nomik.WeatherTests;
				PRODUCT_NAME = "$(TARGET_NAME)";
				SWIFT_EMIT_LOC_STRINGS = NO;
				SWIFT_VERSION = 5.0;
				TARGETED_DEVICE_FAMILY = "1,2";
				TEST_HOST = "$(BUILT_PRODUCTS_DIR)/Weather.app/$(BUNDLE_EXECUTABLE_FOLDER_PATH)/Weather";
			};
			name = Debug;
		};
		6FC429802CA4E66D000505E7 /* Release */ = {
			isa = XCBuildConfiguration;
			buildSettings = {
				BUNDLE_LOADER = "$(TEST_HOST)";
				CODE_SIGN_STYLE = Automatic;
				CURRENT_PROJECT_VERSION = 1;
				DEVELOPMENT_TEAM = R47YA6WR5Y;
				GENERATE_INFOPLIST_FILE = YES;
				IPHONEOS_DEPLOYMENT_TARGET = 18.0;
				MARKETING_VERSION = 1.0;
				PRODUCT_BUNDLE_IDENTIFIER = com.nomik.WeatherTests;
				PRODUCT_NAME = "$(TARGET_NAME)";
				SWIFT_EMIT_LOC_STRINGS = NO;
				SWIFT_VERSION = 5.0;
				TARGETED_DEVICE_FAMILY = "1,2";
				TEST_HOST = "$(BUILT_PRODUCTS_DIR)/Weather.app/$(BUNDLE_EXECUTABLE_FOLDER_PATH)/Weather";
			};
			name = Release;
		};
		6FC429822CA4E66D000505E7 /* Debug */ = {
			isa = XCBuildConfiguration;
			buildSettings = {
				CODE_SIGN_STYLE = Automatic;
				CURRENT_PROJECT_VERSION = 1;
				DEVELOPMENT_TEAM = R47YA6WR5Y;
				GENERATE_INFOPLIST_FILE = YES;
				MARKETING_VERSION = 1.0;
				PRODUCT_BUNDLE_IDENTIFIER = com.nomik.WeatherUITests;
				PRODUCT_NAME = "$(TARGET_NAME)";
				SWIFT_EMIT_LOC_STRINGS = NO;
				SWIFT_VERSION = 5.0;
				TARGETED_DEVICE_FAMILY = "1,2";
				TEST_TARGET_NAME = Weather;
			};
			name = Debug;
		};
		6FC429832CA4E66D000505E7 /* Release */ = {
			isa = XCBuildConfiguration;
			buildSettings = {
				CODE_SIGN_STYLE = Automatic;
				CURRENT_PROJECT_VERSION = 1;
				DEVELOPMENT_TEAM = R47YA6WR5Y;
				GENERATE_INFOPLIST_FILE = YES;
				MARKETING_VERSION = 1.0;
				PRODUCT_BUNDLE_IDENTIFIER = com.nomik.WeatherUITests;
				PRODUCT_NAME = "$(TARGET_NAME)";
				SWIFT_EMIT_LOC_STRINGS = NO;
				SWIFT_VERSION = 5.0;
				TARGETED_DEVICE_FAMILY = "1,2";
				TEST_TARGET_NAME = Weather;
			};
			name = Release;
		};
/* End XCBuildConfiguration section */

/* Begin XCConfigurationList section */
		6FC429482CA4E66B000505E7 /* Build configuration list for PBXProject "Weather" */ = {
			isa = XCConfigurationList;
			buildConfigurations = (
				6FC4297C2CA4E66D000505E7 /* Debug */,
				6FC4297D2CA4E66D000505E7 /* Release */,
			);
			defaultConfigurationIsVisible = 0;
			defaultConfigurationName = Release;
		};
		6FC429792CA4E66D000505E7 /* Build configuration list for PBXNativeTarget "Weather" */ = {
			isa = XCConfigurationList;
			buildConfigurations = (
				6FC4297A2CA4E66D000505E7 /* Debug */,
				6FC4297B2CA4E66D000505E7 /* Release */,
			);
			defaultConfigurationIsVisible = 0;
			defaultConfigurationName = Release;
		};
		6FC4297E2CA4E66D000505E7 /* Build configuration list for PBXNativeTarget "WeatherTests" */ = {
			isa = XCConfigurationList;
			buildConfigurations = (
				6FC4297F2CA4E66D000505E7 /* Debug */,
				6FC429802CA4E66D000505E7 /* Release */,
			);
			defaultConfigurationIsVisible = 0;
			defaultConfigurationName = Release;
		};
		6FC429812CA4E66D000505E7 /* Build configuration list for PBXNativeTarget "WeatherUITests" */ = {
			isa = XCConfigurationList;
			buildConfigurations = (
				6FC429822CA4E66D000505E7 /* Debug */,
				6FC429832CA4E66D000505E7 /* Release */,
			);
			defaultConfigurationIsVisible = 0;
			defaultConfigurationName = Release;
		};
/* End XCConfigurationList section */

/* Begin XCRemoteSwiftPackageReference section */
		6F11D2CF2CE43DFB0098F8B1 /* XCRemoteSwiftPackageReference "firebase-ios-sdk" */ = {
			isa = XCRemoteSwiftPackageReference;
			repositoryURL = "https://github.com/firebase/firebase-ios-sdk";
			requirement = {
				kind = upToNextMajorVersion;
				minimumVersion = 11.5.0;
			};
		};
/* End XCRemoteSwiftPackageReference section */

/* Begin XCSwiftPackageProductDependency section */
		6F11D2D02CE43DFB0098F8B1 /* FirebaseAnalytics */ = {
			isa = XCSwiftPackageProductDependency;
			package = 6F11D2CF2CE43DFB0098F8B1 /* XCRemoteSwiftPackageReference "firebase-ios-sdk" */;
			productName = FirebaseAnalytics;
		};
		6F11D2D22CE43DFB0098F8B1 /* FirebaseAnalyticsOnDeviceConversion */ = {
			isa = XCSwiftPackageProductDependency;
			package = 6F11D2CF2CE43DFB0098F8B1 /* XCRemoteSwiftPackageReference "firebase-ios-sdk" */;
			productName = FirebaseAnalyticsOnDeviceConversion;
		};
		6F11D2D42CE43DFB0098F8B1 /* FirebaseAnalyticsWithoutAdIdSupport */ = {
			isa = XCSwiftPackageProductDependency;
			package = 6F11D2CF2CE43DFB0098F8B1 /* XCRemoteSwiftPackageReference "firebase-ios-sdk" */;
			productName = FirebaseAnalyticsWithoutAdIdSupport;
		};
		6F11D2D62CE43DFB0098F8B1 /* FirebaseAppCheck */ = {
			isa = XCSwiftPackageProductDependency;
			package = 6F11D2CF2CE43DFB0098F8B1 /* XCRemoteSwiftPackageReference "firebase-ios-sdk" */;
			productName = FirebaseAppCheck;
		};
		6F11D2D82CE43DFB0098F8B1 /* FirebaseAppDistribution-Beta */ = {
			isa = XCSwiftPackageProductDependency;
			package = 6F11D2CF2CE43DFB0098F8B1 /* XCRemoteSwiftPackageReference "firebase-ios-sdk" */;
			productName = "FirebaseAppDistribution-Beta";
		};
		6F11D2DA2CE43DFB0098F8B1 /* FirebaseAuth */ = {
			isa = XCSwiftPackageProductDependency;
			package = 6F11D2CF2CE43DFB0098F8B1 /* XCRemoteSwiftPackageReference "firebase-ios-sdk" */;
			productName = FirebaseAuth;
		};
		6F11D2DC2CE43DFB0098F8B1 /* FirebaseAuthCombine-Community */ = {
			isa = XCSwiftPackageProductDependency;
			package = 6F11D2CF2CE43DFB0098F8B1 /* XCRemoteSwiftPackageReference "firebase-ios-sdk" */;
			productName = "FirebaseAuthCombine-Community";
		};
		6F11D2DE2CE43DFB0098F8B1 /* FirebaseCore */ = {
			isa = XCSwiftPackageProductDependency;
			package = 6F11D2CF2CE43DFB0098F8B1 /* XCRemoteSwiftPackageReference "firebase-ios-sdk" */;
			productName = FirebaseCore;
		};
		6F11D2E02CE43DFB0098F8B1 /* FirebaseCrashlytics */ = {
			isa = XCSwiftPackageProductDependency;
			package = 6F11D2CF2CE43DFB0098F8B1 /* XCRemoteSwiftPackageReference "firebase-ios-sdk" */;
			productName = FirebaseCrashlytics;
		};
		6F11D2E22CE43DFB0098F8B1 /* FirebaseDatabase */ = {
			isa = XCSwiftPackageProductDependency;
			package = 6F11D2CF2CE43DFB0098F8B1 /* XCRemoteSwiftPackageReference "firebase-ios-sdk" */;
			productName = FirebaseDatabase;
		};
		6F11D2E42CE43DFB0098F8B1 /* FirebaseDynamicLinks */ = {
			isa = XCSwiftPackageProductDependency;
			package = 6F11D2CF2CE43DFB0098F8B1 /* XCRemoteSwiftPackageReference "firebase-ios-sdk" */;
			productName = FirebaseDynamicLinks;
		};
		6F11D2E62CE43DFB0098F8B1 /* FirebaseFirestore */ = {
			isa = XCSwiftPackageProductDependency;
			package = 6F11D2CF2CE43DFB0098F8B1 /* XCRemoteSwiftPackageReference "firebase-ios-sdk" */;
			productName = FirebaseFirestore;
		};
		6F11D2E82CE43DFB0098F8B1 /* FirebaseFirestoreCombine-Community */ = {
			isa = XCSwiftPackageProductDependency;
			package = 6F11D2CF2CE43DFB0098F8B1 /* XCRemoteSwiftPackageReference "firebase-ios-sdk" */;
			productName = "FirebaseFirestoreCombine-Community";
		};
		6F11D2EA2CE43DFB0098F8B1 /* FirebaseFunctions */ = {
			isa = XCSwiftPackageProductDependency;
			package = 6F11D2CF2CE43DFB0098F8B1 /* XCRemoteSwiftPackageReference "firebase-ios-sdk" */;
			productName = FirebaseFunctions;
		};
		6F11D2EC2CE43DFB0098F8B1 /* FirebaseFunctionsCombine-Community */ = {
			isa = XCSwiftPackageProductDependency;
			package = 6F11D2CF2CE43DFB0098F8B1 /* XCRemoteSwiftPackageReference "firebase-ios-sdk" */;
			productName = "FirebaseFunctionsCombine-Community";
		};
		6F11D2EE2CE43DFB0098F8B1 /* FirebaseInAppMessaging-Beta */ = {
			isa = XCSwiftPackageProductDependency;
			package = 6F11D2CF2CE43DFB0098F8B1 /* XCRemoteSwiftPackageReference "firebase-ios-sdk" */;
			productName = "FirebaseInAppMessaging-Beta";
		};
		6F11D2F02CE43DFB0098F8B1 /* FirebaseInstallations */ = {
			isa = XCSwiftPackageProductDependency;
			package = 6F11D2CF2CE43DFB0098F8B1 /* XCRemoteSwiftPackageReference "firebase-ios-sdk" */;
			productName = FirebaseInstallations;
		};
		6F11D2F22CE43DFB0098F8B1 /* FirebaseMLModelDownloader */ = {
			isa = XCSwiftPackageProductDependency;
			package = 6F11D2CF2CE43DFB0098F8B1 /* XCRemoteSwiftPackageReference "firebase-ios-sdk" */;
			productName = FirebaseMLModelDownloader;
		};
		6F11D2F42CE43DFB0098F8B1 /* FirebaseMessaging */ = {
			isa = XCSwiftPackageProductDependency;
			package = 6F11D2CF2CE43DFB0098F8B1 /* XCRemoteSwiftPackageReference "firebase-ios-sdk" */;
			productName = FirebaseMessaging;
		};
		6F11D2F62CE43DFB0098F8B1 /* FirebasePerformance */ = {
			isa = XCSwiftPackageProductDependency;
			package = 6F11D2CF2CE43DFB0098F8B1 /* XCRemoteSwiftPackageReference "firebase-ios-sdk" */;
			productName = FirebasePerformance;
		};
		6F11D2F82CE43DFB0098F8B1 /* FirebaseRemoteConfig */ = {
			isa = XCSwiftPackageProductDependency;
			package = 6F11D2CF2CE43DFB0098F8B1 /* XCRemoteSwiftPackageReference "firebase-ios-sdk" */;
			productName = FirebaseRemoteConfig;
		};
		6F11D2FA2CE43DFB0098F8B1 /* FirebaseStorage */ = {
			isa = XCSwiftPackageProductDependency;
			package = 6F11D2CF2CE43DFB0098F8B1 /* XCRemoteSwiftPackageReference "firebase-ios-sdk" */;
			productName = FirebaseStorage;
		};
		6F11D2FC2CE43DFB0098F8B1 /* FirebaseStorageCombine-Community */ = {
			isa = XCSwiftPackageProductDependency;
			package = 6F11D2CF2CE43DFB0098F8B1 /* XCRemoteSwiftPackageReference "firebase-ios-sdk" */;
			productName = "FirebaseStorageCombine-Community";
		};
		6F11D2FE2CE43DFB0098F8B1 /* FirebaseVertexAI */ = {
			isa = XCSwiftPackageProductDependency;
			package = 6F11D2CF2CE43DFB0098F8B1 /* XCRemoteSwiftPackageReference "firebase-ios-sdk" */;
			productName = FirebaseVertexAI;
		};
/* End XCSwiftPackageProductDependency section */
	};
	rootObject = 6FC429452CA4E66B000505E7 /* Project object */;
}
